// !$*UTF8*$!
{
	archiveVersion = 1;
	classes = {
	};
	objectVersion = 50;
	objects = {

/* Begin PBXBuildFile section */
		5A2446ED20A4179F0034384C /* TweetCell.swift in Sources */ = {isa = PBXBuildFile; fileRef = 5A2446EC20A4179F0034384C /* TweetCell.swift */; };
		5A2446EF20A443470034384C /* Service.swift in Sources */ = {isa = PBXBuildFile; fileRef = 5A2446EE20A443470034384C /* Service.swift */; };
		5A2D6DF720A2C496008C659E /* AppDelegate.swift in Sources */ = {isa = PBXBuildFile; fileRef = 5A2D6DF620A2C496008C659E /* AppDelegate.swift */; };
		5A2D6DFC20A2C496008C659E /* Main.storyboard in Resources */ = {isa = PBXBuildFile; fileRef = 5A2D6DFA20A2C496008C659E /* Main.storyboard */; };
		5A2D6DFE20A2C497008C659E /* Assets.xcassets in Resources */ = {isa = PBXBuildFile; fileRef = 5A2D6DFD20A2C497008C659E /* Assets.xcassets */; };
		5A2D6E0120A2C497008C659E /* LaunchScreen.storyboard in Resources */ = {isa = PBXBuildFile; fileRef = 5A2D6DFF20A2C497008C659E /* LaunchScreen.storyboard */; };
		5A2D6E0F20A2CBB6008C659E /* HomeController.swift in Sources */ = {isa = PBXBuildFile; fileRef = 5A2D6E0E20A2CBB6008C659E /* HomeController.swift */; };
		5A2D6E1120A2CC80008C659E /* BaseCell.swift in Sources */ = {isa = PBXBuildFile; fileRef = 5A2D6E1020A2CC80008C659E /* BaseCell.swift */; };
		5A2D6E1320A2CD5D008C659E /* FeedCell.swift in Sources */ = {isa = PBXBuildFile; fileRef = 5A2D6E1220A2CD5D008C659E /* FeedCell.swift */; };
		5A2D6E2820A2D804008C659E /* CachedImageView.swift in Sources */ = {isa = PBXBuildFile; fileRef = 5A2D6E1920A2D804008C659E /* CachedImageView.swift */; };
		5A2D6E2920A2D804008C659E /* Datasource.swift in Sources */ = {isa = PBXBuildFile; fileRef = 5A2D6E1A20A2D804008C659E /* Datasource.swift */; };
		5A2D6E2A20A2D804008C659E /* DatasourceCell.swift in Sources */ = {isa = PBXBuildFile; fileRef = 5A2D6E1B20A2D804008C659E /* DatasourceCell.swift */; };
		5A2D6E2B20A2D804008C659E /* DatasourceController.swift in Sources */ = {isa = PBXBuildFile; fileRef = 5A2D6E1C20A2D804008C659E /* DatasourceController.swift */; };
		5A2D6E2C20A2D804008C659E /* DefaultCells.swift in Sources */ = {isa = PBXBuildFile; fileRef = 5A2D6E1D20A2D804008C659E /* DefaultCells.swift */; };
		5A2D6E2D20A2D804008C659E /* DiscardableImageCacheItem.swift in Sources */ = {isa = PBXBuildFile; fileRef = 5A2D6E1E20A2D804008C659E /* DiscardableImageCacheItem.swift */; };
		5A2D6E2E20A2D804008C659E /* LBTALabel.swift in Sources */ = {isa = PBXBuildFile; fileRef = 5A2D6E1F20A2D804008C659E /* LBTALabel.swift */; };
		5A2D6E2F20A2D804008C659E /* LBTATextView.swift in Sources */ = {isa = PBXBuildFile; fileRef = 5A2D6E2020A2D804008C659E /* LBTATextView.swift */; };
		5A2D6E3020A2D804008C659E /* NSMutableAttributedString+Helper.swift in Sources */ = {isa = PBXBuildFile; fileRef = 5A2D6E2120A2D804008C659E /* NSMutableAttributedString+Helper.swift */; };
		5A2D6E3120A2D804008C659E /* UIButton+Helper.swift in Sources */ = {isa = PBXBuildFile; fileRef = 5A2D6E2220A2D804008C659E /* UIButton+Helper.swift */; };
		5A2D6E3220A2D804008C659E /* UIColor+Helper.swift in Sources */ = {isa = PBXBuildFile; fileRef = 5A2D6E2320A2D804008C659E /* UIColor+Helper.swift */; };
		5A2D6E3320A2D804008C659E /* UIImage+Helper.swift in Sources */ = {isa = PBXBuildFile; fileRef = 5A2D6E2420A2D804008C659E /* UIImage+Helper.swift */; };
		5A2D6E3420A2D804008C659E /* UIView+Anchors.swift in Sources */ = {isa = PBXBuildFile; fileRef = 5A2D6E2520A2D804008C659E /* UIView+Anchors.swift */; };
		5A2D6E3620A31481008C659E /* HeaderCell.swift in Sources */ = {isa = PBXBuildFile; fileRef = 5A2D6E3520A31481008C659E /* HeaderCell.swift */; };
		5A2D6E3820A31489008C659E /* FooterCell.swift in Sources */ = {isa = PBXBuildFile; fileRef = 5A2D6E3720A31489008C659E /* FooterCell.swift */; };
		5A2D6E3A20A31F95008C659E /* Models.swift in Sources */ = {isa = PBXBuildFile; fileRef = 5A2D6E3920A31F95008C659E /* Models.swift */; };
		5AF0312120A5B48D00A2DA33 /* NEXTVC.swift in Sources */ = {isa = PBXBuildFile; fileRef = 5AF0312020A5B48D00A2DA33 /* NEXTVC.swift */; };
/* End PBXBuildFile section */

/* Begin PBXFileReference section */
		5A2446EC20A4179F0034384C /* TweetCell.swift */ = {isa = PBXFileReference; lastKnownFileType = sourcecode.swift; path = TweetCell.swift; sourceTree = "<group>"; };
		5A2446EE20A443470034384C /* Service.swift */ = {isa = PBXFileReference; lastKnownFileType = sourcecode.swift; path = Service.swift; sourceTree = "<group>"; };
		5A2D6DF320A2C496008C659E /* MyTwitter.app */ = {isa = PBXFileReference; explicitFileType = wrapper.application; includeInIndex = 0; path = MyTwitter.app; sourceTree = BUILT_PRODUCTS_DIR; };
		5A2D6DF620A2C496008C659E /* AppDelegate.swift */ = {isa = PBXFileReference; lastKnownFileType = sourcecode.swift; path = AppDelegate.swift; sourceTree = "<group>"; };
		5A2D6DFB20A2C496008C659E /* Base */ = {isa = PBXFileReference; lastKnownFileType = file.storyboard; name = Base; path = Base.lproj/Main.storyboard; sourceTree = "<group>"; };
		5A2D6DFD20A2C497008C659E /* Assets.xcassets */ = {isa = PBXFileReference; lastKnownFileType = folder.assetcatalog; path = Assets.xcassets; sourceTree = "<group>"; };
		5A2D6E0020A2C497008C659E /* Base */ = {isa = PBXFileReference; lastKnownFileType = file.storyboard; name = Base; path = Base.lproj/LaunchScreen.storyboard; sourceTree = "<group>"; };
		5A2D6E0220A2C497008C659E /* Info.plist */ = {isa = PBXFileReference; lastKnownFileType = text.plist.xml; path = Info.plist; sourceTree = "<group>"; };
		5A2D6E0E20A2CBB6008C659E /* HomeController.swift */ = {isa = PBXFileReference; lastKnownFileType = sourcecode.swift; path = HomeController.swift; sourceTree = "<group>"; };
		5A2D6E1020A2CC80008C659E /* BaseCell.swift */ = {isa = PBXFileReference; lastKnownFileType = sourcecode.swift; path = BaseCell.swift; sourceTree = "<group>"; };
		5A2D6E1220A2CD5D008C659E /* FeedCell.swift */ = {isa = PBXFileReference; lastKnownFileType = sourcecode.swift; path = FeedCell.swift; sourceTree = "<group>"; };
		5A2D6E1920A2D804008C659E /* CachedImageView.swift */ = {isa = PBXFileReference; fileEncoding = 4; lastKnownFileType = sourcecode.swift; path = CachedImageView.swift; sourceTree = "<group>"; };
		5A2D6E1A20A2D804008C659E /* Datasource.swift */ = {isa = PBXFileReference; fileEncoding = 4; lastKnownFileType = sourcecode.swift; path = Datasource.swift; sourceTree = "<group>"; };
		5A2D6E1B20A2D804008C659E /* DatasourceCell.swift */ = {isa = PBXFileReference; fileEncoding = 4; lastKnownFileType = sourcecode.swift; path = DatasourceCell.swift; sourceTree = "<group>"; };
		5A2D6E1C20A2D804008C659E /* DatasourceController.swift */ = {isa = PBXFileReference; fileEncoding = 4; lastKnownFileType = sourcecode.swift; path = DatasourceController.swift; sourceTree = "<group>"; };
		5A2D6E1D20A2D804008C659E /* DefaultCells.swift */ = {isa = PBXFileReference; fileEncoding = 4; lastKnownFileType = sourcecode.swift; path = DefaultCells.swift; sourceTree = "<group>"; };
		5A2D6E1E20A2D804008C659E /* DiscardableImageCacheItem.swift */ = {isa = PBXFileReference; fileEncoding = 4; lastKnownFileType = sourcecode.swift; path = DiscardableImageCacheItem.swift; sourceTree = "<group>"; };
		5A2D6E1F20A2D804008C659E /* LBTALabel.swift */ = {isa = PBXFileReference; fileEncoding = 4; lastKnownFileType = sourcecode.swift; path = LBTALabel.swift; sourceTree = "<group>"; };
		5A2D6E2020A2D804008C659E /* LBTATextView.swift */ = {isa = PBXFileReference; fileEncoding = 4; lastKnownFileType = sourcecode.swift; path = LBTATextView.swift; sourceTree = "<group>"; };
		5A2D6E2120A2D804008C659E /* NSMutableAttributedString+Helper.swift */ = {isa = PBXFileReference; fileEncoding = 4; lastKnownFileType = sourcecode.swift; path = "NSMutableAttributedString+Helper.swift"; sourceTree = "<group>"; };
		5A2D6E2220A2D804008C659E /* UIButton+Helper.swift */ = {isa = PBXFileReference; fileEncoding = 4; lastKnownFileType = sourcecode.swift; path = "UIButton+Helper.swift"; sourceTree = "<group>"; };
		5A2D6E2320A2D804008C659E /* UIColor+Helper.swift */ = {isa = PBXFileReference; fileEncoding = 4; lastKnownFileType = sourcecode.swift; path = "UIColor+Helper.swift"; sourceTree = "<group>"; };
		5A2D6E2420A2D804008C659E /* UIImage+Helper.swift */ = {isa = PBXFileReference; fileEncoding = 4; lastKnownFileType = sourcecode.swift; path = "UIImage+Helper.swift"; sourceTree = "<group>"; };
		5A2D6E2520A2D804008C659E /* UIView+Anchors.swift */ = {isa = PBXFileReference; fileEncoding = 4; lastKnownFileType = sourcecode.swift; path = "UIView+Anchors.swift"; sourceTree = "<group>"; };
		5A2D6E3520A31481008C659E /* HeaderCell.swift */ = {isa = PBXFileReference; lastKnownFileType = sourcecode.swift; path = HeaderCell.swift; sourceTree = "<group>"; };
		5A2D6E3720A31489008C659E /* FooterCell.swift */ = {isa = PBXFileReference; lastKnownFileType = sourcecode.swift; path = FooterCell.swift; sourceTree = "<group>"; };
		5A2D6E3920A31F95008C659E /* Models.swift */ = {isa = PBXFileReference; lastKnownFileType = sourcecode.swift; path = Models.swift; sourceTree = "<group>"; };
		5AF0312020A5B48D00A2DA33 /* NEXTVC.swift */ = {isa = PBXFileReference; lastKnownFileType = sourcecode.swift; path = NEXTVC.swift; sourceTree = "<group>"; };
/* End PBXFileReference section */

/* Begin PBXFrameworksBuildPhase section */
		5A2D6DF020A2C495008C659E /* Frameworks */ = {
			isa = PBXFrameworksBuildPhase;
			buildActionMask = 2147483647;
			files = (
			);
			runOnlyForDeploymentPostprocessing = 0;
		};
/* End PBXFrameworksBuildPhase section */

/* Begin PBXGroup section */
		5A2D6DEA20A2C495008C659E = {
			isa = PBXGroup;
			children = (
				5A2D6DF520A2C496008C659E /* MyTwitter */,
				5A2D6DF420A2C496008C659E /* Products */,
			);
			sourceTree = "<group>";
		};
		5A2D6DF420A2C496008C659E /* Products */ = {
			isa = PBXGroup;
			children = (
				5A2D6DF320A2C496008C659E /* MyTwitter.app */,
			);
			name = Products;
			sourceTree = "<group>";
		};
		5A2D6DF520A2C496008C659E /* MyTwitter */ = {
			isa = PBXGroup;
			children = (
				5A2D6E1420A2D804008C659E /* LBTAComponents */,
				5A2D6E0B20A2C4F9008C659E /* Helpers */,
				5A2D6E0A20A2C4F3008C659E /* Model */,
				5A2D6E0920A2C4EA008C659E /* View */,
				5A2D6E0820A2C4DE008C659E /* Controller */,
				5A2D6DF620A2C496008C659E /* AppDelegate.swift */,
				5A2D6DFA20A2C496008C659E /* Main.storyboard */,
				5A2D6DFD20A2C497008C659E /* Assets.xcassets */,
				5A2D6DFF20A2C497008C659E /* LaunchScreen.storyboard */,
				5A2D6E0220A2C497008C659E /* Info.plist */,
			);
			path = MyTwitter;
			sourceTree = "<group>";
		};
		5A2D6E0820A2C4DE008C659E /* Controller */ = {
			isa = PBXGroup;
			children = (
				5A2D6E0E20A2CBB6008C659E /* HomeController.swift */,
				5AF0312020A5B48D00A2DA33 /* NEXTVC.swift */,
			);
			path = Controller;
			sourceTree = "<group>";
		};
		5A2D6E0920A2C4EA008C659E /* View */ = {
			isa = PBXGroup;
			children = (
				5A2D6E1020A2CC80008C659E /* BaseCell.swift */,
				5A2D6E1220A2CD5D008C659E /* FeedCell.swift */,
				5A2446EC20A4179F0034384C /* TweetCell.swift */,
				5A2D6E3520A31481008C659E /* HeaderCell.swift */,
				5A2D6E3720A31489008C659E /* FooterCell.swift */,
			);
			path = View;
			sourceTree = "<group>";
		};
		5A2D6E0A20A2C4F3008C659E /* Model */ = {
			isa = PBXGroup;
			children = (
				5A2D6E3920A31F95008C659E /* Models.swift */,
			);
			path = Model;
			sourceTree = "<group>";
		};
		5A2D6E0B20A2C4F9008C659E /* Helpers */ = {
			isa = PBXGroup;
			children = (
				5A2446EE20A443470034384C /* Service.swift */,
			);
			path = Helpers;
			sourceTree = "<group>";
		};
		5A2D6E1420A2D804008C659E /* LBTAComponents */ = {
			isa = PBXGroup;
			children = (
				5A2D6E1720A2D804008C659E /* Classes */,
			);
			path = LBTAComponents;
			sourceTree = "<group>";
		};
		5A2D6E1720A2D804008C659E /* Classes */ = {
			isa = PBXGroup;
			children = (
				5A2D6E1920A2D804008C659E /* CachedImageView.swift */,
				5A2D6E1A20A2D804008C659E /* Datasource.swift */,
				5A2D6E1B20A2D804008C659E /* DatasourceCell.swift */,
				5A2D6E1C20A2D804008C659E /* DatasourceController.swift */,
				5A2D6E1D20A2D804008C659E /* DefaultCells.swift */,
				5A2D6E1E20A2D804008C659E /* DiscardableImageCacheItem.swift */,
				5A2D6E1F20A2D804008C659E /* LBTALabel.swift */,
				5A2D6E2020A2D804008C659E /* LBTATextView.swift */,
				5A2D6E2120A2D804008C659E /* NSMutableAttributedString+Helper.swift */,
				5A2D6E2220A2D804008C659E /* UIButton+Helper.swift */,
				5A2D6E2320A2D804008C659E /* UIColor+Helper.swift */,
				5A2D6E2420A2D804008C659E /* UIImage+Helper.swift */,
				5A2D6E2520A2D804008C659E /* UIView+Anchors.swift */,
			);
			path = Classes;
			sourceTree = "<group>";
		};
/* End PBXGroup section */

/* Begin PBXNativeTarget section */
		5A2D6DF220A2C495008C659E /* MyTwitter */ = {
			isa = PBXNativeTarget;
			buildConfigurationList = 5A2D6E0520A2C497008C659E /* Build configuration list for PBXNativeTarget "MyTwitter" */;
			buildPhases = (
				5A2D6DEF20A2C495008C659E /* Sources */,
				5A2D6DF020A2C495008C659E /* Frameworks */,
				5A2D6DF120A2C495008C659E /* Resources */,
			);
			buildRules = (
			);
			dependencies = (
			);
			name = MyTwitter;
			productName = MyTwitter;
			productReference = 5A2D6DF320A2C496008C659E /* MyTwitter.app */;
			productType = "com.apple.product-type.application";
		};
/* End PBXNativeTarget section */

/* Begin PBXProject section */
		5A2D6DEB20A2C495008C659E /* Project object */ = {
			isa = PBXProject;
			attributes = {
				LastSwiftUpdateCheck = 0930;
				LastUpgradeCheck = 0930;
				ORGANIZATIONNAME = "Leela Prasad";
				TargetAttributes = {
					5A2D6DF220A2C495008C659E = {
						CreatedOnToolsVersion = 9.3;
					};
				};
			};
			buildConfigurationList = 5A2D6DEE20A2C495008C659E /* Build configuration list for PBXProject "MyTwitter" */;
			compatibilityVersion = "Xcode 9.3";
			developmentRegion = en;
			hasScannedForEncodings = 0;
			knownRegions = (
				en,
				Base,
			);
			mainGroup = 5A2D6DEA20A2C495008C659E;
			productRefGroup = 5A2D6DF420A2C496008C659E /* Products */;
			projectDirPath = "";
			projectRoot = "";
			targets = (
				5A2D6DF220A2C495008C659E /* MyTwitter */,
			);
		};
/* End PBXProject section */

/* Begin PBXResourcesBuildPhase section */
		5A2D6DF120A2C495008C659E /* Resources */ = {
			isa = PBXResourcesBuildPhase;
			buildActionMask = 2147483647;
			files = (
				5A2D6E0120A2C497008C659E /* LaunchScreen.storyboard in Resources */,
				5A2D6DFE20A2C497008C659E /* Assets.xcassets in Resources */,
				5A2D6DFC20A2C496008C659E /* Main.storyboard in Resources */,
			);
			runOnlyForDeploymentPostprocessing = 0;
		};
/* End PBXResourcesBuildPhase section */

/* Begin PBXSourcesBuildPhase section */
		5A2D6DEF20A2C495008C659E /* Sources */ = {
			isa = PBXSourcesBuildPhase;
			buildActionMask = 2147483647;
			files = (
				5A2D6E2F20A2D804008C659E /* LBTATextView.swift in Sources */,
				5A2D6E3420A2D804008C659E /* UIView+Anchors.swift in Sources */,
				5A2D6E2D20A2D804008C659E /* DiscardableImageCacheItem.swift in Sources */,
				5A2D6E3820A31489008C659E /* FooterCell.swift in Sources */,
				5A2D6E2920A2D804008C659E /* Datasource.swift in Sources */,
				5A2D6E3620A31481008C659E /* HeaderCell.swift in Sources */,
				5A2D6E2C20A2D804008C659E /* DefaultCells.swift in Sources */,
				5AF0312120A5B48D00A2DA33 /* NEXTVC.swift in Sources */,
				5A2D6DF720A2C496008C659E /* AppDelegate.swift in Sources */,
				5A2D6E1320A2CD5D008C659E /* FeedCell.swift in Sources */,
				5A2D6E2A20A2D804008C659E /* DatasourceCell.swift in Sources */,
				5A2D6E3120A2D804008C659E /* UIButton+Helper.swift in Sources */,
				5A2D6E3220A2D804008C659E /* UIColor+Helper.swift in Sources */,
				5A2D6E2B20A2D804008C659E /* DatasourceController.swift in Sources */,
				5A2D6E2820A2D804008C659E /* CachedImageView.swift in Sources */,
				5A2D6E3320A2D804008C659E /* UIImage+Helper.swift in Sources */,
				5A2446ED20A4179F0034384C /* TweetCell.swift in Sources */,
				5A2D6E2E20A2D804008C659E /* LBTALabel.swift in Sources */,
				5A2D6E3020A2D804008C659E /* NSMutableAttributedString+Helper.swift in Sources */,
				5A2D6E1120A2CC80008C659E /* BaseCell.swift in Sources */,
				5A2446EF20A443470034384C /* Service.swift in Sources */,
				5A2D6E0F20A2CBB6008C659E /* HomeController.swift in Sources */,
				5A2D6E3A20A31F95008C659E /* Models.swift in Sources */,
			);
			runOnlyForDeploymentPostprocessing = 0;
		};
/* End PBXSourcesBuildPhase section */

/* Begin PBXVariantGroup section */
		5A2D6DFA20A2C496008C659E /* Main.storyboard */ = {
			isa = PBXVariantGroup;
			children = (
				5A2D6DFB20A2C496008C659E /* Base */,
			);
			name = Main.storyboard;
			sourceTree = "<group>";
		};
		5A2D6DFF20A2C497008C659E /* LaunchScreen.storyboard */ = {
			isa = PBXVariantGroup;
			children = (
				5A2D6E0020A2C497008C659E /* Base */,
			);
			name = LaunchScreen.storyboard;
			sourceTree = "<group>";
		};
/* End PBXVariantGroup section */

/* Begin XCBuildConfiguration section */
		5A2D6E0320A2C497008C659E /* Debug */ = {
			isa = XCBuildConfiguration;
			buildSettings = {
				ALWAYS_SEARCH_USER_PATHS = NO;
				CLANG_ANALYZER_NONNULL = YES;
				CLANG_ANALYZER_NUMBER_OBJECT_CONVERSION = YES_AGGRESSIVE;
				CLANG_CXX_LANGUAGE_STANDARD = "gnu++14";
				CLANG_CXX_LIBRARY = "libc++";
				CLANG_ENABLE_MODULES = YES;
				CLANG_ENABLE_OBJC_ARC = YES;
				CLANG_ENABLE_OBJC_WEAK = YES;
				CLANG_WARN_BLOCK_CAPTURE_AUTORELEASING = YES;
				CLANG_WARN_BOOL_CONVERSION = YES;
				CLANG_WARN_COMMA = YES;
				CLANG_WARN_CONSTANT_CONVERSION = YES;
				CLANG_WARN_DEPRECATED_OBJC_IMPLEMENTATIONS = YES;
				CLANG_WARN_DIRECT_OBJC_ISA_USAGE = YES_ERROR;
				CLANG_WARN_DOCUMENTATION_COMMENTS = YES;
				CLANG_WARN_EMPTY_BODY = YES;
				CLANG_WARN_ENUM_CONVERSION = YES;
				CLANG_WARN_INFINITE_RECURSION = YES;
				CLANG_WARN_INT_CONVERSION = YES;
				CLANG_WARN_NON_LITERAL_NULL_CONVERSION = YES;
				CLANG_WARN_OBJC_IMPLICIT_RETAIN_SELF = YES;
				CLANG_WARN_OBJC_LITERAL_CONVERSION = YES;
				CLANG_WARN_OBJC_ROOT_CLASS = YES_ERROR;
				CLANG_WARN_RANGE_LOOP_ANALYSIS = YES;
				CLANG_WARN_STRICT_PROTOTYPES = YES;
				CLANG_WARN_SUSPICIOUS_MOVE = YES;
				CLANG_WARN_UNGUARDED_AVAILABILITY = YES_AGGRESSIVE;
				CLANG_WARN_UNREACHABLE_CODE = YES;
				CLANG_WARN__DUPLICATE_METHOD_MATCH = YES;
				CODE_SIGN_IDENTITY = "iPhone Developer";
				COPY_PHASE_STRIP = NO;
				DEBUG_INFORMATION_FORMAT = dwarf;
				ENABLE_STRICT_OBJC_MSGSEND = YES;
				ENABLE_TESTABILITY = YES;
				GCC_C_LANGUAGE_STANDARD = gnu11;
				GCC_DYNAMIC_NO_PIC = NO;
				GCC_NO_COMMON_BLOCKS = YES;
				GCC_OPTIMIZATION_LEVEL = 0;
				GCC_PREPROCESSOR_DEFINITIONS = (
					"DEBUG=1",
					"$(inherited)",
				);
				GCC_WARN_64_TO_32_BIT_CONVERSION = YES;
				GCC_WARN_ABOUT_RETURN_TYPE = YES_ERROR;
				GCC_WARN_UNDECLARED_SELECTOR = YES;
				GCC_WARN_UNINITIALIZED_AUTOS = YES_AGGRESSIVE;
				GCC_WARN_UNUSED_FUNCTION = YES;
				GCC_WARN_UNUSED_VARIABLE = YES;
				IPHONEOS_DEPLOYMENT_TARGET = 11.3;
				MTL_ENABLE_DEBUG_INFO = YES;
				ONLY_ACTIVE_ARCH = YES;
				SDKROOT = iphoneos;
				SWIFT_ACTIVE_COMPILATION_CONDITIONS = DEBUG;
				SWIFT_OPTIMIZATION_LEVEL = "-Onone";
			};
			name = Debug;
		};
		5A2D6E0420A2C497008C659E /* Release */ = {
			isa = XCBuildConfiguration;
			buildSettings = {
				ALWAYS_SEARCH_USER_PATHS = NO;
				CLANG_ANALYZER_NONNULL = YES;
				CLANG_ANALYZER_NUMBER_OBJECT_CONVERSION = YES_AGGRESSIVE;
				CLANG_CXX_LANGUAGE_STANDARD = "gnu++14";
				CLANG_CXX_LIBRARY = "libc++";
				CLANG_ENABLE_MODULES = YES;
				CLANG_ENABLE_OBJC_ARC = YES;
				CLANG_ENABLE_OBJC_WEAK = YES;
				CLANG_WARN_BLOCK_CAPTURE_AUTORELEASING = YES;
				CLANG_WARN_BOOL_CONVERSION = YES;
				CLANG_WARN_COMMA = YES;
				CLANG_WARN_CONSTANT_CONVERSION = YES;
				CLANG_WARN_DEPRECATED_OBJC_IMPLEMENTATIONS = YES;
				CLANG_WARN_DIRECT_OBJC_ISA_USAGE = YES_ERROR;
				CLANG_WARN_DOCUMENTATION_COMMENTS = YES;
				CLANG_WARN_EMPTY_BODY = YES;
				CLANG_WARN_ENUM_CONVERSION = YES;
				CLANG_WARN_INFINITE_RECURSION = YES;
				CLANG_WARN_INT_CONVERSION = YES;
				CLANG_WARN_NON_LITERAL_NULL_CONVERSION = YES;
				CLANG_WARN_OBJC_IMPLICIT_RETAIN_SELF = YES;
				CLANG_WARN_OBJC_LITERAL_CONVERSION = YES;
				CLANG_WARN_OBJC_ROOT_CLASS = YES_ERROR;
				CLANG_WARN_RANGE_LOOP_ANALYSIS = YES;
				CLANG_WARN_STRICT_PROTOTYPES = YES;
				CLANG_WARN_SUSPICIOUS_MOVE = YES;
				CLANG_WARN_UNGUARDED_AVAILABILITY = YES_AGGRESSIVE;
				CLANG_WARN_UNREACHABLE_CODE = YES;
				CLANG_WARN__DUPLICATE_METHOD_MATCH = YES;
				CODE_SIGN_IDENTITY = "iPhone Developer";
				COPY_PHASE_STRIP = NO;
				DEBUG_INFORMATION_FORMAT = "dwarf-with-dsym";
				ENABLE_NS_ASSERTIONS = NO;
				ENABLE_STRICT_OBJC_MSGSEND = YES;
				GCC_C_LANGUAGE_STANDARD = gnu11;
				GCC_NO_COMMON_BLOCKS = YES;
				GCC_WARN_64_TO_32_BIT_CONVERSION = YES;
				GCC_WARN_ABOUT_RETURN_TYPE = YES_ERROR;
				GCC_WARN_UNDECLARED_SELECTOR = YES;
				GCC_WARN_UNINITIALIZED_AUTOS = YES_AGGRESSIVE;
				GCC_WARN_UNUSED_FUNCTION = YES;
				GCC_WARN_UNUSED_VARIABLE = YES;
				IPHONEOS_DEPLOYMENT_TARGET = 11.3;
				MTL_ENABLE_DEBUG_INFO = NO;
				SDKROOT = iphoneos;
				SWIFT_COMPILATION_MODE = wholemodule;
				SWIFT_OPTIMIZATION_LEVEL = "-O";
				VALIDATE_PRODUCT = YES;
			};
			name = Release;
		};
		5A2D6E0620A2C497008C659E /* Debug */ = {
			isa = XCBuildConfiguration;
			buildSettings = {
				ASSETCATALOG_COMPILER_APPICON_NAME = AppIcon;
				CODE_SIGN_STYLE = Automatic;
				DEVELOPMENT_TEAM = 5LC376D52F;
				INFOPLIST_FILE = MyTwitter/Info.plist;
				LD_RUNPATH_SEARCH_PATHS = (
					"$(inherited)",
					"@executable_path/Frameworks",
				);
				PRODUCT_BUNDLE_IDENTIFIER = ssss.MyTwitter;
				PRODUCT_NAME = "$(TARGET_NAME)";
				SWIFT_VERSION = 4.0;
				TARGETED_DEVICE_FAMILY = "1,2";
			};
			name = Debug;
		};
		5A2D6E0720A2C497008C659E /* Release */ = {
			isa = XCBuildConfiguration;
			buildSettings = {
				ASSETCATALOG_COMPILER_APPICON_NAME = AppIcon;
				CODE_SIGN_STYLE = Automatic;
				DEVELOPMENT_TEAM = 5LC376D52F;
				INFOPLIST_FILE = MyTwitter/Info.plist;
				LD_RUNPATH_SEARCH_PATHS = (
					"$(inherited)",
					"@executable_path/Frameworks",
				);
				PRODUCT_BUNDLE_IDENTIFIER = ssss.MyTwitter;
				PRODUCT_NAME = "$(TARGET_NAME)";
				SWIFT_VERSION = 4.0;
				TARGETED_DEVICE_FAMILY = "1,2";
			};
			name = Release;
		};
/* End XCBuildConfiguration section */

/* Begin XCConfigurationList section */
		5A2D6DEE20A2C495008C659E /* Build configuration list for PBXProject "MyTwitter" */ = {
			isa = XCConfigurationList;
			buildConfigurations = (
				5A2D6E0320A2C497008C659E /* Debug */,
				5A2D6E0420A2C497008C659E /* Release */,
			);
			defaultConfigurationIsVisible = 0;
			defaultConfigurationName = Release;
		};
		5A2D6E0520A2C497008C659E /* Build configuration list for PBXNativeTarget "MyTwitter" */ = {
			isa = XCConfigurationList;
			buildConfigurations = (
				5A2D6E0620A2C497008C659E /* Debug */,
				5A2D6E0720A2C497008C659E /* Release */,
			);
			defaultConfigurationIsVisible = 0;
			defaultConfigurationName = Release;
		};
/* End XCConfigurationList section */
	};
	rootObject = 5A2D6DEB20A2C495008C659E /* Project object */;
}
